
Microsoft Visual Studio Solution File, Format Version 12.00
# Visual Studio 15
VisualStudioVersion = 15.0.27428.2037
MinimumVisualStudioVersion = 10.0.40219.1
Project("{8BC9CEB8-8B4A-11D0-8D11-00A0C91BC942}") = "HelloWorld", "HelloWorld\HelloWorld.vcxproj", "{E54AAFA5-5400-4BB2-AC11-C9ED9F7C770F}"
EndProject
Project("{8BC9CEB8-8B4A-11D0-8D11-00A0C91BC942}") = "2DArraySmoothing", "2DArraySmoothing\2DArraySmoothing.vcxproj", "{F7B4E5A9-F167-4AFE-BD67-5F980F7DD09B}"
EndProject
Project("{8BC9CEB8-8B4A-11D0-8D11-00A0C91BC942}") = "VectorSort", "VectorSort\VectorSort.vcxproj", "{19E51447-E080-4717-A275-813C9DC2AEEC}"
EndProject
Global
	GlobalSection(SolutionConfigurationPlatforms) = preSolution
		Debug|x64 = Debug|x64
		Debug|x86 = Debug|x86
		Release|x64 = Release|x64
		Release|x86 = Release|x86
	EndGlobalSection
	GlobalSection(ProjectConfigurationPlatforms) = postSolution
		{E54AAFA5-5400-4BB2-AC11-C9ED9F7C770F}.Debug|x64.ActiveCfg = Debug|x64
		{E54AAFA5-5400-4BB2-AC11-C9ED9F7C770F}.Debug|x64.Build.0 = Debug|x64
		{E54AAFA5-5400-4BB2-AC11-C9ED9F7C770F}.Debug|x86.ActiveCfg = Debug|Win32
		{E54AAFA5-5400-4BB2-AC11-C9ED9F7C770F}.Debug|x86.Build.0 = Debug|Win32
		{E54AAFA5-5400-4BB2-AC11-C9ED9F7C770F}.Release|x64.ActiveCfg = Release|x64
		{E54AAFA5-5400-4BB2-AC11-C9ED9F7C770F}.Release|x64.Build.0 = Release|x64
		{E54AAFA5-5400-4BB2-AC11-C9ED9F7C770F}.Release|x86.ActiveCfg = Release|Win32
		{E54AAFA5-5400-4BB2-AC11-C9ED9F7C770F}.Release|x86.Build.0 = Release|Win32
		{F7B4E5A9-F167-4AFE-BD67-5F980F7DD09B}.Debug|x64.ActiveCfg = Debug|x64
		{F7B4E5A9-F167-4AFE-BD67-5F980F7DD09B}.Debug|x64.Build.0 = Debug|x64
		{F7B4E5A9-F167-4AFE-BD67-5F980F7DD09B}.Debug|x86.ActiveCfg = Debug|Win32
		{F7B4E5A9-F167-4AFE-BD67-5F980F7DD09B}.Debug|x86.Build.0 = Debug|Win32
		{F7B4E5A9-F167-4AFE-BD67-5F980F7DD09B}.Release|x64.ActiveCfg = Release|x64
		{F7B4E5A9-F167-4AFE-BD67-5F980F7DD09B}.Release|x64.Build.0 = Release|x64
		{F7B4E5A9-F167-4AFE-BD67-5F980F7DD09B}.Release|x86.ActiveCfg = Release|Win32
		{F7B4E5A9-F167-4AFE-BD67-5F980F7DD09B}.Release|x86.Build.0 = Release|Win32
		{19E51447-E080-4717-A275-813C9DC2AEEC}.Debug|x64.ActiveCfg = Debug|x64
		{19E51447-E080-4717-A275-813C9DC2AEEC}.Debug|x64.Build.0 = Debug|x64
		{19E51447-E080-4717-A275-813C9DC2AEEC}.Debug|x86.ActiveCfg = Debug|Win32
		{19E51447-E080-4717-A275-813C9DC2AEEC}.Debug|x86.Build.0 = Debug|Win32
		{19E51447-E080-4717-A275-813C9DC2AEEC}.Release|x64.ActiveCfg = Release|x64
		{19E51447-E080-4717-A275-813C9DC2AEEC}.Release|x64.Build.0 = Release|x64
		{19E51447-E080-4717-A275-813C9DC2AEEC}.Release|x86.ActiveCfg = Release|Win32
		{19E51447-E080-4717-A275-813C9DC2AEEC}.Release|x86.Build.0 = Release|Win32
	EndGlobalSection
	GlobalSection(SolutionProperties) = preSolution
		HideSolutionNode = FALSE
	EndGlobalSection
	GlobalSection(ExtensibilityGlobals) = postSolution
		SolutionGuid = {3B5D6AD1-E985-4D67-BC1E-E167BE449456}
	EndGlobalSection
EndGlobal
